
Microsoft Visual Studio Solution File, Format Version 12.00
# Visual Studio Version 17
VisualStudioVersion = 17.13.35825.156
MinimumVisualStudioVersion = 10.0.40219.1
Project("{9A19103F-16F7-4668-BE54-9A1E7A4F7556}") = "ISUAnket.EntityLayer", "Anket.EntityLayer\ISUAnket.EntityLayer.csproj", "{67338454-7BEA-45B6-B72E-2AD092EF1E14}"
EndProject
Project("{9A19103F-16F7-4668-BE54-9A1E7A4F7556}") = "ISUAnket.DataAccess", "ISUAnket.DataAccess\ISUAnket.DataAccess.csproj", "{3EB523AC-1508-4860-B87F-CB0B3B430CAB}"
EndProject
Project("{9A19103F-16F7-4668-BE54-9A1E7A4F7556}") = "ISUAnket.Business", "ISUAnket.Business\ISUAnket.Business.csproj", "{5B51B621-8B11-445D-B956-DFCE3B674AFF}"
EndProject
Project("{9A19103F-16F7-4668-BE54-9A1E7A4F7556}") = "ISUAnket.WEB", "ISUAnket.WEB\ISUAnket.WEB.csproj", "{033D96E6-8D01-464E-A056-DAC767265631}"
EndProject
Project("{FAE04EC0-301F-11D3-BF4B-00C04F79EFBC}") = "ISUAnket.Service", "ISUAnket.Service\ISUAnket.Service.csproj", "{55B6BE4A-6BE0-4CED-9CEB-82BEB908AAAF}"
EndProject
Global
	GlobalSection(SolutionConfigurationPlatforms) = preSolution
		Debug|Any CPU = Debug|Any CPU
		Release|Any CPU = Release|Any CPU
	EndGlobalSection
	GlobalSection(ProjectConfigurationPlatforms) = postSolution
		{67338454-7BEA-45B6-B72E-2AD092EF1E14}.Debug|Any CPU.ActiveCfg = Debug|Any CPU
		{67338454-7BEA-45B6-B72E-2AD092EF1E14}.Debug|Any CPU.Build.0 = Debug|Any CPU
		{67338454-7BEA-45B6-B72E-2AD092EF1E14}.Release|Any CPU.ActiveCfg = Release|Any CPU
		{67338454-7BEA-45B6-B72E-2AD092EF1E14}.Release|Any CPU.Build.0 = Release|Any CPU
		{3EB523AC-1508-4860-B87F-CB0B3B430CAB}.Debug|Any CPU.ActiveCfg = Debug|Any CPU
		{3EB523AC-1508-4860-B87F-CB0B3B430CAB}.Debug|Any CPU.Build.0 = Debug|Any CPU
		{3EB523AC-1508-4860-B87F-CB0B3B430CAB}.Release|Any CPU.ActiveCfg = Release|Any CPU
		{3EB523AC-1508-4860-B87F-CB0B3B430CAB}.Release|Any CPU.Build.0 = Release|Any CPU
		{5B51B621-8B11-445D-B956-DFCE3B674AFF}.Debug|Any CPU.ActiveCfg = Debug|Any CPU
		{5B51B621-8B11-445D-B956-DFCE3B674AFF}.Debug|Any CPU.Build.0 = Debug|Any CPU
		{5B51B621-8B11-445D-B956-DFCE3B674AFF}.Release|Any CPU.ActiveCfg = Release|Any CPU
		{5B51B621-8B11-445D-B956-DFCE3B674AFF}.Release|Any CPU.Build.0 = Release|Any CPU
		{033D96E6-8D01-464E-A056-DAC767265631}.Debug|Any CPU.ActiveCfg = Debug|Any CPU
		{033D96E6-8D01-464E-A056-DAC767265631}.Debug|Any CPU.Build.0 = Debug|Any CPU
		{033D96E6-8D01-464E-A056-DAC767265631}.Release|Any CPU.ActiveCfg = Release|Any CPU
		{033D96E6-8D01-464E-A056-DAC767265631}.Release|Any CPU.Build.0 = Release|Any CPU
		{55B6BE4A-6BE0-4CED-9CEB-82BEB908AAAF}.Debug|Any CPU.ActiveCfg = Debug|Any CPU
		{55B6BE4A-6BE0-4CED-9CEB-82BEB908AAAF}.Debug|Any CPU.Build.0 = Debug|Any CPU
		{55B6BE4A-6BE0-4CED-9CEB-82BEB908AAAF}.Release|Any CPU.ActiveCfg = Release|Any CPU
		{55B6BE4A-6BE0-4CED-9CEB-82BEB908AAAF}.Release|Any CPU.Build.0 = Release|Any CPU
	EndGlobalSection
	GlobalSection(SolutionProperties) = preSolution
		HideSolutionNode = FALSE
	EndGlobalSection
	GlobalSection(ExtensibilityGlobals) = postSolution
		SolutionGuid = {BBFEEBB0-5EBE-446C-AACE-F171066A080B}
	EndGlobalSection
EndGlobal
